// !$*UTF8*$!
{
	archiveVersion = 1;
	classes = {
	};
	objectVersion = 46;
	objects = {

/* Begin PBXAggregateTarget section */
		017FE5041BD2DCD100D8C41E /* TestInstall */ = {
			isa = PBXAggregateTarget;
			buildConfigurationList = 017FE5051BD2DCD100D8C41E /* Build configuration list for PBXAggregateTarget "TestInstall" */;
			buildPhases = (
				017FE50A1BD2DCDB00D8C41E /* CopyFiles */,
			);
			dependencies = (
				017FE5091BD2DCD800D8C41E /* PBXTargetDependency */,
			);
			name = TestInstall;
			productName = TestInstall;
		};
/* End PBXAggregateTarget section */

/* Begin PBXBuildFile section */
		017EDAE2193D326300FE2B2B /* schema.xml in Resources */ = {isa = PBXBuildFile; fileRef = 017EDAE1193D326300FE2B2B /* schema.xml */; };
		017EDAE5193D337C00FE2B2B /* schema.strings in Resources */ = {isa = PBXBuildFile; fileRef = 017EDAE3193D337C00FE2B2B /* schema.strings */; };
		017FE50B1BD2DD0E00D8C41E /* ChiptuneImporter.mdimporter in CopyFiles */ = {isa = PBXBuildFile; fileRef = 01FB7F30193D0E5C003707D7 /* ChiptuneImporter.mdimporter */; };
		017FE5171BD2E9A200D8C41E /* main.c in Sources */ = {isa = PBXBuildFile; fileRef = 017FE5161BD2E9A200D8C41E /* main.c */; };
		017FE5221BD2EA2300D8C41E /* ChiptuneImporterUTIHelper.app in Resources */ = {isa = PBXBuildFile; fileRef = 017FE5101BD2E9A200D8C41E /* ChiptuneImporterUTIHelper.app */; };
		01D483D01E294442008E0408 /* CMIPSFTagParser.m in Sources */ = {isa = PBXBuildFile; fileRef = 01FD721419437468003EFF02 /* CMIPSFTagParser.m */; };
		01D483D11E294442008E0408 /* NSMutableDictionary+CMI.m in Sources */ = {isa = PBXBuildFile; fileRef = 017FE5261BD300B400D8C41E /* NSMutableDictionary+CMI.m */; };
		01D483D21E294442008E0408 /* ChiptuneMDImporter.mm in Sources */ = {isa = PBXBuildFile; fileRef = 01FB7F46193D0E5C003707D7 /* ChiptuneMDImporter.mm */; };
		01D483D31E294442008E0408 /* ID666.cpp in Sources */ = {isa = PBXBuildFile; fileRef = 017D97CA1940EEAE00E84613 /* ID666.cpp */; };
		01D483D41E294442008E0408 /* A2Date.cpp in Sources */ = {isa = PBXBuildFile; fileRef = 017D97C31940EEA400E84613 /* A2Date.cpp */; };
		01D483D51E294442008E0408 /* A2Str.c in Sources */ = {isa = PBXBuildFile; fileRef = 017D97C51940EEA400E84613 /* A2Str.c */; };
		01D483D61E294465008E0408 /* libChiptuneImporterImpl.a in Frameworks */ = {isa = PBXBuildFile; fileRef = 01D483C71E294406008E0408 /* libChiptuneImporterImpl.a */; };
		01D483D81E294546008E0408 /* libc++.tbd in Frameworks */ = {isa = PBXBuildFile; fileRef = 01D483D71E294546008E0408 /* libc++.tbd */; };
		01D483E21E2946E5008E0408 /* libChiptuneImporterImpl.a in Frameworks */ = {isa = PBXBuildFile; fileRef = 01D483C71E294406008E0408 /* libChiptuneImporterImpl.a */; };
		01D483E91E29476F008E0408 /* CMIPSFTagParserTest.m in Sources */ = {isa = PBXBuildFile; fileRef = 01D483E81E29476F008E0408 /* CMIPSFTagParserTest.m */; };
		01D5640F1BD3E3C9002ABA1D /* CoreServices.framework in Frameworks */ = {isa = PBXBuildFile; fileRef = 01D5640E1BD3E3C9002ABA1D /* CoreServices.framework */; };
		01FB7F36193D0E5C003707D7 /* CoreFoundation.framework in Frameworks */ = {isa = PBXBuildFile; fileRef = 01FB7F35193D0E5C003707D7 /* CoreFoundation.framework */; };
		01FB7F3A193D0E5C003707D7 /* Foundation.framework in Frameworks */ = {isa = PBXBuildFile; fileRef = 01FB7F39193D0E5C003707D7 /* Foundation.framework */; };
		01FB7F40193D0E5C003707D7 /* InfoPlist.strings in Resources */ = {isa = PBXBuildFile; fileRef = 01FB7F3E193D0E5C003707D7 /* InfoPlist.strings */; };
		01FB7F42193D0E5C003707D7 /* main.c in Sources */ = {isa = PBXBuildFile; fileRef = 01FB7F41193D0E5C003707D7 /* main.c */; };
		01FB7F44193D0E5C003707D7 /* GetMetadataForFile.m in Sources */ = {isa = PBXBuildFile; fileRef = 01FB7F43193D0E5C003707D7 /* GetMetadataForFile.m */; };
/* End PBXBuildFile section */

/* Begin PBXContainerItemProxy section */
		017FE5081BD2DCD800D8C41E /* PBXContainerItemProxy */ = {
			isa = PBXContainerItemProxy;
			containerPortal = 01FB7F28193D0E5C003707D7 /* Project object */;
			proxyType = 1;
			remoteGlobalIDString = 01FB7F2F193D0E5C003707D7;
			remoteInfo = ChiptuneImporter;
		};
		017FE5231BD2EA3D00D8C41E /* PBXContainerItemProxy */ = {
			isa = PBXContainerItemProxy;
			containerPortal = 01FB7F28193D0E5C003707D7 /* Project object */;
			proxyType = 1;
			remoteGlobalIDString = 017FE50F1BD2E9A100D8C41E;
			remoteInfo = ChiptuneImporterUTIHelper;
		};
		01D483E31E2946E5008E0408 /* PBXContainerItemProxy */ = {
			isa = PBXContainerItemProxy;
			containerPortal = 01FB7F28193D0E5C003707D7 /* Project object */;
			proxyType = 1;
			remoteGlobalIDString = 01D483C61E294406008E0408;
			remoteInfo = ChiptuneImporterImpl;
		};
/* End PBXContainerItemProxy section */

/* Begin PBXCopyFilesBuildPhase section */
		017FE50A1BD2DCDB00D8C41E /* CopyFiles */ = {
			isa = PBXCopyFilesBuildPhase;
			buildActionMask = 2147483647;
			dstPath = "~/Library/Spotlight";
			dstSubfolderSpec = 0;
			files = (
				017FE50B1BD2DD0E00D8C41E /* ChiptuneImporter.mdimporter in CopyFiles */,
			);
			runOnlyForDeploymentPostprocessing = 0;
		};
/* End PBXCopyFilesBuildPhase section */

/* Begin PBXFileReference section */
		017D97C31940EEA400E84613 /* A2Date.cpp */ = {isa = PBXFileReference; fileEncoding = 4; indentWidth = 4; lastKnownFileType = sourcecode.cpp.cpp; path = A2Date.cpp; sourceTree = "<group>"; tabWidth = 4; usesTabs = 1; };
		017D97C41940EEA400E84613 /* A2Date.h */ = {isa = PBXFileReference; fileEncoding = 4; indentWidth = 4; lastKnownFileType = sourcecode.c.h; path = A2Date.h; sourceTree = "<group>"; tabWidth = 4; usesTabs = 1; };
		017D97C51940EEA400E84613 /* A2Str.c */ = {isa = PBXFileReference; fileEncoding = 4; indentWidth = 4; lastKnownFileType = sourcecode.c.c; path = A2Str.c; sourceTree = "<group>"; tabWidth = 4; usesTabs = 1; };
		017D97C61940EEA400E84613 /* A2Str.h */ = {isa = PBXFileReference; fileEncoding = 4; indentWidth = 4; lastKnownFileType = sourcecode.c.h; path = A2Str.h; sourceTree = "<group>"; tabWidth = 4; usesTabs = 1; };
		017D97C71940EEA400E84613 /* Types.h */ = {isa = PBXFileReference; fileEncoding = 4; indentWidth = 4; lastKnownFileType = sourcecode.c.h; path = Types.h; sourceTree = "<group>"; tabWidth = 4; usesTabs = 1; };
		017D97CA1940EEAE00E84613 /* ID666.cpp */ = {isa = PBXFileReference; fileEncoding = 4; indentWidth = 4; lastKnownFileType = sourcecode.cpp.cpp; name = ID666.cpp; path = SNES/ID666.cpp; sourceTree = "<group>"; tabWidth = 4; usesTabs = 1; wrapsLines = 1; };
		017D97CB1940EEAE00E84613 /* ID666.h */ = {isa = PBXFileReference; fileEncoding = 4; indentWidth = 4; lastKnownFileType = sourcecode.c.h; name = ID666.h; path = SNES/ID666.h; sourceTree = "<group>"; tabWidth = 4; usesTabs = 1; };
		017EDAE1193D326300FE2B2B /* schema.xml */ = {isa = PBXFileReference; fileEncoding = 4; lastKnownFileType = text.xml; path = schema.xml; sourceTree = "<group>"; };
		017EDAE4193D337C00FE2B2B /* en */ = {isa = PBXFileReference; lastKnownFileType = text.plist.strings; name = en; path = en.lproj/schema.strings; sourceTree = "<group>"; };
		017FE5101BD2E9A200D8C41E /* ChiptuneImporterUTIHelper.app */ = {isa = PBXFileReference; explicitFileType = wrapper.application; includeInIndex = 0; path = ChiptuneImporterUTIHelper.app; sourceTree = BUILT_PRODUCTS_DIR; };
		017FE5161BD2E9A200D8C41E /* main.c */ = {isa = PBXFileReference; lastKnownFileType = sourcecode.c.c; path = main.c; sourceTree = "<group>"; };
		017FE51D1BD2E9A200D8C41E /* Info.plist */ = {isa = PBXFileReference; lastKnownFileType = text.plist.xml; path = Info.plist; sourceTree = "<group>"; };
		017FE5251BD300B400D8C41E /* NSMutableDictionary+CMI.h */ = {isa = PBXFileReference; fileEncoding = 4; lastKnownFileType = sourcecode.c.h; path = "NSMutableDictionary+CMI.h"; sourceTree = "<group>"; };
		017FE5261BD300B400D8C41E /* NSMutableDictionary+CMI.m */ = {isa = PBXFileReference; fileEncoding = 4; lastKnownFileType = sourcecode.c.objc; path = "NSMutableDictionary+CMI.m"; sourceTree = "<group>"; };
		01D483C71E294406008E0408 /* libChiptuneImporterImpl.a */ = {isa = PBXFileReference; explicitFileType = archive.ar; includeInIndex = 0; path = libChiptuneImporterImpl.a; sourceTree = BUILT_PRODUCTS_DIR; };
		01D483D71E294546008E0408 /* libc++.tbd */ = {isa = PBXFileReference; lastKnownFileType = "sourcecode.text-based-dylib-definition"; name = "libc++.tbd"; path = "usr/lib/libc++.tbd"; sourceTree = SDKROOT; };
		01D483DD1E2946E5008E0408 /* ChiptuneImporterTest.xctest */ = {isa = PBXFileReference; explicitFileType = wrapper.cfbundle; includeInIndex = 0; path = ChiptuneImporterTest.xctest; sourceTree = BUILT_PRODUCTS_DIR; };
		01D483E11E2946E5008E0408 /* Info.plist */ = {isa = PBXFileReference; lastKnownFileType = text.plist.xml; path = Info.plist; sourceTree = "<group>"; };
		01D483E81E29476F008E0408 /* CMIPSFTagParserTest.m */ = {isa = PBXFileReference; fileEncoding = 4; lastKnownFileType = sourcecode.c.objc; path = CMIPSFTagParserTest.m; sourceTree = "<group>"; };
		01D5640E1BD3E3C9002ABA1D /* CoreServices.framework */ = {isa = PBXFileReference; lastKnownFileType = wrapper.framework; name = CoreServices.framework; path = System/Library/Frameworks/CoreServices.framework; sourceTree = SDKROOT; };
		01FB7F30193D0E5C003707D7 /* ChiptuneImporter.mdimporter */ = {isa = PBXFileReference; explicitFileType = wrapper.cfbundle; includeInIndex = 0; path = ChiptuneImporter.mdimporter; sourceTree = BUILT_PRODUCTS_DIR; };
		01FB7F35193D0E5C003707D7 /* CoreFoundation.framework */ = {isa = PBXFileReference; lastKnownFileType = wrapper.framework; name = CoreFoundation.framework; path = System/Library/Frameworks/CoreFoundation.framework; sourceTree = SDKROOT; };
		01FB7F39193D0E5C003707D7 /* Foundation.framework */ = {isa = PBXFileReference; lastKnownFileType = wrapper.framework; name = Foundation.framework; path = System/Library/Frameworks/Foundation.framework; sourceTree = SDKROOT; };
		01FB7F3D193D0E5C003707D7 /* ChiptuneImporter-Info.plist */ = {isa = PBXFileReference; lastKnownFileType = text.plist.xml; path = "ChiptuneImporter-Info.plist"; sourceTree = "<group>"; };
		01FB7F3F193D0E5C003707D7 /* en */ = {isa = PBXFileReference; lastKnownFileType = text.plist.strings; name = en; path = en.lproj/InfoPlist.strings; sourceTree = "<group>"; };
		01FB7F41193D0E5C003707D7 /* main.c */ = {isa = PBXFileReference; lastKnownFileType = sourcecode.c.c; path = main.c; sourceTree = "<group>"; };
		01FB7F43193D0E5C003707D7 /* GetMetadataForFile.m */ = {isa = PBXFileReference; lastKnownFileType = sourcecode.c.objc; path = GetMetadataForFile.m; sourceTree = "<group>"; };
		01FB7F45193D0E5C003707D7 /* ChiptuneMDImporter.h */ = {isa = PBXFileReference; lastKnownFileType = sourcecode.c.h; path = ChiptuneMDImporter.h; sourceTree = "<group>"; };
		01FB7F46193D0E5C003707D7 /* ChiptuneMDImporter.mm */ = {isa = PBXFileReference; lastKnownFileType = sourcecode.cpp.objcpp; path = ChiptuneMDImporter.mm; sourceTree = "<group>"; };
		01FD721319437468003EFF02 /* CMIPSFTagParser.h */ = {isa = PBXFileReference; fileEncoding = 4; lastKnownFileType = sourcecode.c.h; path = CMIPSFTagParser.h; sourceTree = "<group>"; };
		01FD721419437468003EFF02 /* CMIPSFTagParser.m */ = {isa = PBXFileReference; fileEncoding = 4; lastKnownFileType = sourcecode.c.objc; path = CMIPSFTagParser.m; sourceTree = "<group>"; };
/* End PBXFileReference section */

/* Begin PBXFrameworksBuildPhase section */
		017FE50D1BD2E9A100D8C41E /* Frameworks */ = {
			isa = PBXFrameworksBuildPhase;
			buildActionMask = 2147483647;
			files = (
			);
			runOnlyForDeploymentPostprocessing = 0;
		};
		01D483C41E294406008E0408 /* Frameworks */ = {
			isa = PBXFrameworksBuildPhase;
			buildActionMask = 2147483647;
			files = (
			);
			runOnlyForDeploymentPostprocessing = 0;
		};
		01D483DA1E2946E5008E0408 /* Frameworks */ = {
			isa = PBXFrameworksBuildPhase;
			buildActionMask = 2147483647;
			files = (
				01D483E21E2946E5008E0408 /* libChiptuneImporterImpl.a in Frameworks */,
			);
			runOnlyForDeploymentPostprocessing = 0;
		};
		01FB7F2D193D0E5C003707D7 /* Frameworks */ = {
			isa = PBXFrameworksBuildPhase;
			buildActionMask = 2147483647;
			files = (
				01D483D81E294546008E0408 /* libc++.tbd in Frameworks */,
				01D483D61E294465008E0408 /* libChiptuneImporterImpl.a in Frameworks */,
				01D5640F1BD3E3C9002ABA1D /* CoreServices.framework in Frameworks */,
				01FB7F36193D0E5C003707D7 /* CoreFoundation.framework in Frameworks */,
				01FB7F3A193D0E5C003707D7 /* Foundation.framework in Frameworks */,
			);
			runOnlyForDeploymentPostprocessing = 0;
		};
/* End PBXFrameworksBuildPhase section */

/* Begin PBXGroup section */
		017D97C21940EE6A00E84613 /* AlphaIISPCID666 */ = {
			isa = PBXGroup;
			children = (
				017D97CA1940EEAE00E84613 /* ID666.cpp */,
				017D97CB1940EEAE00E84613 /* ID666.h */,
				017D97C31940EEA400E84613 /* A2Date.cpp */,
				017D97C41940EEA400E84613 /* A2Date.h */,
				017D97C51940EEA400E84613 /* A2Str.c */,
				017D97C61940EEA400E84613 /* A2Str.h */,
				017D97C71940EEA400E84613 /* Types.h */,
			);
			name = AlphaIISPCID666;
			path = SAmp310s;
			sourceTree = "<group>";
		};
		017FE5111BD2E9A200D8C41E /* ChiptuneImporterUTIHelper */ = {
			isa = PBXGroup;
			children = (
				017FE51D1BD2E9A200D8C41E /* Info.plist */,
				017FE5151BD2E9A200D8C41E /* Supporting Files */,
			);
			path = ChiptuneImporterUTIHelper;
			sourceTree = "<group>";
		};
		017FE5151BD2E9A200D8C41E /* Supporting Files */ = {
			isa = PBXGroup;
			children = (
				017FE5161BD2E9A200D8C41E /* main.c */,
			);
			name = "Supporting Files";
			sourceTree = "<group>";
		};
		01D483DE1E2946E5008E0408 /* ChiptuneImporterTest */ = {
			isa = PBXGroup;
			children = (
				01D483E81E29476F008E0408 /* CMIPSFTagParserTest.m */,
				01D483E11E2946E5008E0408 /* Info.plist */,
			);
			path = ChiptuneImporterTest;
			sourceTree = "<group>";
		};
		01FB7F27193D0E5C003707D7 = {
			isa = PBXGroup;
			children = (
				01FD720F19436BB8003EFF02 /* Implementation */,
				01FB7F3B193D0E5C003707D7 /* ChiptuneImporter */,
				017FE5111BD2E9A200D8C41E /* ChiptuneImporterUTIHelper */,
				01D483DE1E2946E5008E0408 /* ChiptuneImporterTest */,
				01FB7F32193D0E5C003707D7 /* Frameworks */,
				01FB7F31193D0E5C003707D7 /* Products */,
			);
			sourceTree = "<group>";
		};
		01FB7F31193D0E5C003707D7 /* Products */ = {
			isa = PBXGroup;
			children = (
				01FB7F30193D0E5C003707D7 /* ChiptuneImporter.mdimporter */,
				017FE5101BD2E9A200D8C41E /* ChiptuneImporterUTIHelper.app */,
				01D483C71E294406008E0408 /* libChiptuneImporterImpl.a */,
				01D483DD1E2946E5008E0408 /* ChiptuneImporterTest.xctest */,
			);
			name = Products;
			sourceTree = "<group>";
		};
		01FB7F32193D0E5C003707D7 /* Frameworks */ = {
			isa = PBXGroup;
			children = (
				01D483D71E294546008E0408 /* libc++.tbd */,
				01D5640E1BD3E3C9002ABA1D /* CoreServices.framework */,
				01FB7F35193D0E5C003707D7 /* CoreFoundation.framework */,
				01FB7F39193D0E5C003707D7 /* Foundation.framework */,
			);
			name = Frameworks;
			sourceTree = "<group>";
		};
		01FB7F3B193D0E5C003707D7 /* ChiptuneImporter */ = {
			isa = PBXGroup;
			children = (
				01FB7F43193D0E5C003707D7 /* GetMetadataForFile.m */,
				01FB7F3C193D0E5C003707D7 /* Supporting Files */,
			);
			path = ChiptuneImporter;
			sourceTree = "<group>";
		};
		01FB7F3C193D0E5C003707D7 /* Supporting Files */ = {
			isa = PBXGroup;
			children = (
				01FB7F3D193D0E5C003707D7 /* ChiptuneImporter-Info.plist */,
				01FB7F3E193D0E5C003707D7 /* InfoPlist.strings */,
				01FB7F41193D0E5C003707D7 /* main.c */,
				017EDAE1193D326300FE2B2B /* schema.xml */,
				017EDAE3193D337C00FE2B2B /* schema.strings */,
			);
			name = "Supporting Files";
			sourceTree = "<group>";
		};
		01FD720F19436BB8003EFF02 /* Implementation */ = {
			isa = PBXGroup;
			children = (
				017FE5251BD300B400D8C41E /* NSMutableDictionary+CMI.h */,
				017FE5261BD300B400D8C41E /* NSMutableDictionary+CMI.m */,
				01FD721319437468003EFF02 /* CMIPSFTagParser.h */,
				01FD721419437468003EFF02 /* CMIPSFTagParser.m */,
				01FB7F45193D0E5C003707D7 /* ChiptuneMDImporter.h */,
				01FB7F46193D0E5C003707D7 /* ChiptuneMDImporter.mm */,
				017D97C21940EE6A00E84613 /* AlphaIISPCID666 */,
			);
			name = Implementation;
			path = ChiptuneImporterImpl;
			sourceTree = "<group>";
		};
/* End PBXGroup section */

/* Begin PBXHeadersBuildPhase section */
		01D483C51E294406008E0408 /* Headers */ = {
			isa = PBXHeadersBuildPhase;
			buildActionMask = 2147483647;
			files = (
			);
			runOnlyForDeploymentPostprocessing = 0;
		};
/* End PBXHeadersBuildPhase section */

/* Begin PBXNativeTarget section */
		017FE50F1BD2E9A100D8C41E /* ChiptuneImporterUTIHelper */ = {
			isa = PBXNativeTarget;
			buildConfigurationList = 017FE51E1BD2E9A200D8C41E /* Build configuration list for PBXNativeTarget "ChiptuneImporterUTIHelper" */;
			buildPhases = (
				017FE50C1BD2E9A100D8C41E /* Sources */,
				017FE50D1BD2E9A100D8C41E /* Frameworks */,
				017FE50E1BD2E9A100D8C41E /* Resources */,
			);
			buildRules = (
			);
			dependencies = (
			);
			name = ChiptuneImporterUTIHelper;
			productName = ChiptuneImporterUTIHelper;
			productReference = 017FE5101BD2E9A200D8C41E /* ChiptuneImporterUTIHelper.app */;
			productType = "com.apple.product-type.application";
		};
		01D483C61E294406008E0408 /* ChiptuneImporterImpl */ = {
			isa = PBXNativeTarget;
			buildConfigurationList = 01D483CD1E294407008E0408 /* Build configuration list for PBXNativeTarget "ChiptuneImporterImpl" */;
			buildPhases = (
				01D483C31E294406008E0408 /* Sources */,
				01D483C41E294406008E0408 /* Frameworks */,
				01D483C51E294406008E0408 /* Headers */,
			);
			buildRules = (
			);
			dependencies = (
			);
			name = ChiptuneImporterImpl;
			productName = ChiptuneImporterImpl;
			productReference = 01D483C71E294406008E0408 /* libChiptuneImporterImpl.a */;
			productType = "com.apple.product-type.library.static";
		};
		01D483DC1E2946E5008E0408 /* ChiptuneImporterTest */ = {
			isa = PBXNativeTarget;
			buildConfigurationList = 01D483E51E2946E5008E0408 /* Build configuration list for PBXNativeTarget "ChiptuneImporterTest" */;
			buildPhases = (
				01D483D91E2946E5008E0408 /* Sources */,
				01D483DA1E2946E5008E0408 /* Frameworks */,
				01D483DB1E2946E5008E0408 /* Resources */,
			);
			buildRules = (
			);
			dependencies = (
				01D483E41E2946E5008E0408 /* PBXTargetDependency */,
			);
			name = ChiptuneImporterTest;
			productName = ChiptuneImporterTest;
			productReference = 01D483DD1E2946E5008E0408 /* ChiptuneImporterTest.xctest */;
			productType = "com.apple.product-type.bundle.unit-test";
		};
		01FB7F2F193D0E5C003707D7 /* ChiptuneImporter */ = {
			isa = PBXNativeTarget;
			buildConfigurationList = 01FB7F4C193D0E5C003707D7 /* Build configuration list for PBXNativeTarget "ChiptuneImporter" */;
			buildPhases = (
				01FB7F2C193D0E5C003707D7 /* Sources */,
				01FB7F2D193D0E5C003707D7 /* Frameworks */,
				01FB7F2E193D0E5C003707D7 /* Resources */,
				01FD720E19433253003EFF02 /* ShellScript */,
			);
			buildRules = (
			);
			dependencies = (
				017FE5241BD2EA3D00D8C41E /* PBXTargetDependency */,
			);
			name = ChiptuneImporter;
			productName = ChiptuneImporter;
			productReference = 01FB7F30193D0E5C003707D7 /* ChiptuneImporter.mdimporter */;
			productType = "com.apple.product-type.bundle";
		};
/* End PBXNativeTarget section */

/* Begin PBXProject section */
		01FB7F28193D0E5C003707D7 /* Project object */ = {
			isa = PBXProject;
			attributes = {
				LastUpgradeCheck = 0900;
				ORGANIZATIONNAME = "Daniele Cattaneo";
				TargetAttributes = {
					017FE5041BD2DCD100D8C41E = {
						CreatedOnToolsVersion = 7.0.1;
					};
					017FE50F1BD2E9A100D8C41E = {
						CreatedOnToolsVersion = 7.0.1;
					};
					01D483C61E294406008E0408 = {
						CreatedOnToolsVersion = 8.2.1;
						ProvisioningStyle = Automatic;
					};
					01D483DC1E2946E5008E0408 = {
						CreatedOnToolsVersion = 8.2.1;
						ProvisioningStyle = Automatic;
					};
				};
			};
			buildConfigurationList = 01FB7F2B193D0E5C003707D7 /* Build configuration list for PBXProject "ChiptuneImporter" */;
			compatibilityVersion = "Xcode 3.2";
			developmentRegion = English;
			hasScannedForEncodings = 0;
			knownRegions = (
				en,
				Base,
			);
			mainGroup = 01FB7F27193D0E5C003707D7;
			productRefGroup = 01FB7F31193D0E5C003707D7 /* Products */;
			projectDirPath = "";
			projectRoot = "";
			targets = (
				01FB7F2F193D0E5C003707D7 /* ChiptuneImporter */,
				017FE50F1BD2E9A100D8C41E /* ChiptuneImporterUTIHelper */,
				017FE5041BD2DCD100D8C41E /* TestInstall */,
				01D483C61E294406008E0408 /* ChiptuneImporterImpl */,
				01D483DC1E2946E5008E0408 /* ChiptuneImporterTest */,
			);
		};
/* End PBXProject section */

/* Begin PBXResourcesBuildPhase section */
		017FE50E1BD2E9A100D8C41E /* Resources */ = {
			isa = PBXResourcesBuildPhase;
			buildActionMask = 2147483647;
			files = (
			);
			runOnlyForDeploymentPostprocessing = 0;
		};
		01D483DB1E2946E5008E0408 /* Resources */ = {
			isa = PBXResourcesBuildPhase;
			buildActionMask = 2147483647;
			files = (
			);
			runOnlyForDeploymentPostprocessing = 0;
		};
		01FB7F2E193D0E5C003707D7 /* Resources */ = {
			isa = PBXResourcesBuildPhase;
			buildActionMask = 2147483647;
			files = (
				017FE5221BD2EA2300D8C41E /* ChiptuneImporterUTIHelper.app in Resources */,
				017EDAE2193D326300FE2B2B /* schema.xml in Resources */,
				017EDAE5193D337C00FE2B2B /* schema.strings in Resources */,
				01FB7F40193D0E5C003707D7 /* InfoPlist.strings in Resources */,
			);
			runOnlyForDeploymentPostprocessing = 0;
		};
/* End PBXResourcesBuildPhase section */

/* Begin PBXShellScriptBuildPhase section */
		01FD720E19433253003EFF02 /* ShellScript */ = {
			isa = PBXShellScriptBuildPhase;
			buildActionMask = 2147483647;
			files = (
			);
			inputPaths = (
			);
			outputPaths = (
			);
			runOnlyForDeploymentPostprocessing = 0;
			shellPath = /bin/sh;
			shellScript = "VERNO=$(git rev-list HEAD --count)\nif [ $? -ne 0 ]; then\n  VERNO='1';\nelse\n  VERNO=$(($VERNO + 166 - 47));\nfi\necho $VERNO\n/usr/libexec/PlistBuddy -c \"Set :CFBundleVersion $VERNO\" \"$TARGET_BUILD_DIR/$INFOPLIST_PATH\"";
		};
/* End PBXShellScriptBuildPhase section */

/* Begin PBXSourcesBuildPhase section */
		017FE50C1BD2E9A100D8C41E /* Sources */ = {
			isa = PBXSourcesBuildPhase;
			buildActionMask = 2147483647;
			files = (
				017FE5171BD2E9A200D8C41E /* main.c in Sources */,
			);
			runOnlyForDeploymentPostprocessing = 0;
		};
		01D483C31E294406008E0408 /* Sources */ = {
			isa = PBXSourcesBuildPhase;
			buildActionMask = 2147483647;
			files = (
				01D483D51E294442008E0408 /* A2Str.c in Sources */,
				01D483D21E294442008E0408 /* ChiptuneMDImporter.mm in Sources */,
				01D483D11E294442008E0408 /* NSMutableDictionary+CMI.m in Sources */,
				01D483D01E294442008E0408 /* CMIPSFTagParser.m in Sources */,
				01D483D41E294442008E0408 /* A2Date.cpp in Sources */,
				01D483D31E294442008E0408 /* ID666.cpp in Sources */,
			);
			runOnlyForDeploymentPostprocessing = 0;
		};
		01D483D91E2946E5008E0408 /* Sources */ = {
			isa = PBXSourcesBuildPhase;
			buildActionMask = 2147483647;
			files = (
				01D483E91E29476F008E0408 /* CMIPSFTagParserTest.m in Sources */,
			);
			runOnlyForDeploymentPostprocessing = 0;
		};
		01FB7F2C193D0E5C003707D7 /* Sources */ = {
			isa = PBXSourcesBuildPhase;
			buildActionMask = 2147483647;
			files = (
				01FB7F42193D0E5C003707D7 /* main.c in Sources */,
				01FB7F44193D0E5C003707D7 /* GetMetadataForFile.m in Sources */,
			);
			runOnlyForDeploymentPostprocessing = 0;
		};
/* End PBXSourcesBuildPhase section */

/* Begin PBXTargetDependency section */
		017FE5091BD2DCD800D8C41E /* PBXTargetDependency */ = {
			isa = PBXTargetDependency;
			target = 01FB7F2F193D0E5C003707D7 /* ChiptuneImporter */;
			targetProxy = 017FE5081BD2DCD800D8C41E /* PBXContainerItemProxy */;
		};
		017FE5241BD2EA3D00D8C41E /* PBXTargetDependency */ = {
			isa = PBXTargetDependency;
			target = 017FE50F1BD2E9A100D8C41E /* ChiptuneImporterUTIHelper */;
			targetProxy = 017FE5231BD2EA3D00D8C41E /* PBXContainerItemProxy */;
		};
		01D483E41E2946E5008E0408 /* PBXTargetDependency */ = {
			isa = PBXTargetDependency;
			target = 01D483C61E294406008E0408 /* ChiptuneImporterImpl */;
			targetProxy = 01D483E31E2946E5008E0408 /* PBXContainerItemProxy */;
		};
/* End PBXTargetDependency section */

/* Begin PBXVariantGroup section */
		017EDAE3193D337C00FE2B2B /* schema.strings */ = {
			isa = PBXVariantGroup;
			children = (
				017EDAE4193D337C00FE2B2B /* en */,
			);
			name = schema.strings;
			sourceTree = "<group>";
		};
		01FB7F3E193D0E5C003707D7 /* InfoPlist.strings */ = {
			isa = PBXVariantGroup;
			children = (
				01FB7F3F193D0E5C003707D7 /* en */,
			);
			name = InfoPlist.strings;
			sourceTree = "<group>";
		};
/* End PBXVariantGroup section */

/* Begin XCBuildConfiguration section */
		017FE5061BD2DCD100D8C41E /* Debug */ = {
			isa = XCBuildConfiguration;
			buildSettings = {
				PRODUCT_NAME = "$(TARGET_NAME)";
			};
			name = Debug;
		};
		017FE5071BD2DCD100D8C41E /* Release */ = {
			isa = XCBuildConfiguration;
			buildSettings = {
				PRODUCT_NAME = "$(TARGET_NAME)";
			};
			name = Release;
		};
		017FE51F1BD2E9A200D8C41E /* Debug */ = {
			isa = XCBuildConfiguration;
			buildSettings = {
				ASSETCATALOG_COMPILER_APPICON_NAME = AppIcon;
				CLANG_WARN_UNREACHABLE_CODE = YES;
				CODE_SIGN_IDENTITY = "-";
				COMBINE_HIDPI_IMAGES = YES;
				DEBUG_INFORMATION_FORMAT = dwarf;
				ENABLE_STRICT_OBJC_MSGSEND = YES;
				GCC_NO_COMMON_BLOCKS = YES;
				INFOPLIST_FILE = ChiptuneImporterUTIHelper/Info.plist;
				LD_RUNPATH_SEARCH_PATHS = "$(inherited) @executable_path/../Frameworks";
				MTL_ENABLE_DEBUG_INFO = YES;
				PRODUCT_BUNDLE_IDENTIFIER = com.danielecattaneo.ChiptuneImporterUTIHelper;
				PRODUCT_NAME = "$(TARGET_NAME)";
				SKIP_INSTALL = YES;
			};
			name = Debug;
		};
		017FE5201BD2E9A200D8C41E /* Release */ = {
			isa = XCBuildConfiguration;
			buildSettings = {
				ASSETCATALOG_COMPILER_APPICON_NAME = AppIcon;
				CLANG_WARN_UNREACHABLE_CODE = YES;
				CODE_SIGN_IDENTITY = "-";
				COMBINE_HIDPI_IMAGES = YES;
				COPY_PHASE_STRIP = NO;
				ENABLE_STRICT_OBJC_MSGSEND = YES;
				GCC_NO_COMMON_BLOCKS = YES;
				INFOPLIST_FILE = ChiptuneImporterUTIHelper/Info.plist;
				LD_RUNPATH_SEARCH_PATHS = "$(inherited) @executable_path/../Frameworks";
				MTL_ENABLE_DEBUG_INFO = NO;
				PRODUCT_BUNDLE_IDENTIFIER = com.danielecattaneo.ChiptuneImporterUTIHelper;
				PRODUCT_NAME = "$(TARGET_NAME)";
				SKIP_INSTALL = YES;
			};
			name = Release;
		};
		01D483CE1E294407008E0408 /* Debug */ = {
			isa = XCBuildConfiguration;
			buildSettings = {
				CLANG_ANALYZER_NONNULL = YES;
				CLANG_WARN_DOCUMENTATION_COMMENTS = YES;
				CODE_SIGN_IDENTITY = "-";
				DEBUG_INFORMATION_FORMAT = dwarf;
				EXECUTABLE_PREFIX = lib;
				MTL_ENABLE_DEBUG_INFO = YES;
				PRODUCT_NAME = "$(TARGET_NAME)";
				SKIP_INSTALL = YES;
			};
			name = Debug;
		};
		01D483CF1E294407008E0408 /* Release */ = {
			isa = XCBuildConfiguration;
			buildSettings = {
				CLANG_ANALYZER_NONNULL = YES;
				CLANG_WARN_DOCUMENTATION_COMMENTS = YES;
				CODE_SIGN_IDENTITY = "-";
				COPY_PHASE_STRIP = NO;
				EXECUTABLE_PREFIX = lib;
				MTL_ENABLE_DEBUG_INFO = NO;
				PRODUCT_NAME = "$(TARGET_NAME)";
				SKIP_INSTALL = YES;
			};
			name = Release;
		};
		01D483E61E2946E5008E0408 /* Debug */ = {
			isa = XCBuildConfiguration;
			buildSettings = {
				CLANG_ANALYZER_NONNULL = YES;
				CLANG_WARN_DOCUMENTATION_COMMENTS = YES;
				CODE_SIGN_IDENTITY = "-";
				COMBINE_HIDPI_IMAGES = YES;
				DEBUG_INFORMATION_FORMAT = dwarf;
				INFOPLIST_FILE = ChiptuneImporterTest/Info.plist;
				LD_RUNPATH_SEARCH_PATHS = "$(inherited) @executable_path/../Frameworks @loader_path/../Frameworks";
				MACOSX_DEPLOYMENT_TARGET = 10.9;
				MTL_ENABLE_DEBUG_INFO = YES;
				PRODUCT_BUNDLE_IDENTIFIER = com.danielecattaneo.ChiptuneImporterTest;
				PRODUCT_NAME = "$(TARGET_NAME)";
			};
			name = Debug;
		};
		01D483E71E2946E5008E0408 /* Release */ = {
			isa = XCBuildConfiguration;
			buildSettings = {
				CLANG_ANALYZER_NONNULL = YES;
				CLANG_WARN_DOCUMENTATION_COMMENTS = YES;
				CODE_SIGN_IDENTITY = "-";
				COMBINE_HIDPI_IMAGES = YES;
				COPY_PHASE_STRIP = NO;
				INFOPLIST_FILE = ChiptuneImporterTest/Info.plist;
				LD_RUNPATH_SEARCH_PATHS = "$(inherited) @executable_path/../Frameworks @loader_path/../Frameworks";
				MACOSX_DEPLOYMENT_TARGET = 10.9;
				MTL_ENABLE_DEBUG_INFO = NO;
				PRODUCT_BUNDLE_IDENTIFIER = com.danielecattaneo.ChiptuneImporterTest;
				PRODUCT_NAME = "$(TARGET_NAME)";
			};
			name = Release;
		};
		01FB7F4A193D0E5C003707D7 /* Debug */ = {
			isa = XCBuildConfiguration;
			buildSettings = {
				ALWAYS_SEARCH_USER_PATHS = NO;
				CLANG_CXX_LANGUAGE_STANDARD = "gnu++0x";
				CLANG_CXX_LIBRARY = "libc++";
				CLANG_ENABLE_MODULES = YES;
				CLANG_ENABLE_OBJC_ARC = YES;
				CLANG_WARN_BLOCK_CAPTURE_AUTORELEASING = YES;
				CLANG_WARN_BOOL_CONVERSION = YES;
				CLANG_WARN_COMMA = YES;
				CLANG_WARN_CONSTANT_CONVERSION = YES;
				CLANG_WARN_DIRECT_OBJC_ISA_USAGE = YES_ERROR;
				CLANG_WARN_EMPTY_BODY = YES;
				CLANG_WARN_ENUM_CONVERSION = YES;
				CLANG_WARN_INFINITE_RECURSION = YES;
				CLANG_WARN_INT_CONVERSION = YES;
				CLANG_WARN_NON_LITERAL_NULL_CONVERSION = YES;
				CLANG_WARN_OBJC_LITERAL_CONVERSION = YES;
				CLANG_WARN_OBJC_ROOT_CLASS = YES_ERROR;
				CLANG_WARN_RANGE_LOOP_ANALYSIS = YES;
				CLANG_WARN_STRICT_PROTOTYPES = YES;
				CLANG_WARN_SUSPICIOUS_MOVE = YES;
				CLANG_WARN_UNREACHABLE_CODE = YES;
				CLANG_WARN__DUPLICATE_METHOD_MATCH = YES;
				COPY_PHASE_STRIP = NO;
				ENABLE_STRICT_OBJC_MSGSEND = YES;
				ENABLE_TESTABILITY = YES;
				GCC_C_LANGUAGE_STANDARD = gnu99;
				GCC_DYNAMIC_NO_PIC = NO;
				GCC_ENABLE_OBJC_EXCEPTIONS = YES;
				GCC_NO_COMMON_BLOCKS = YES;
				GCC_OPTIMIZATION_LEVEL = 0;
				GCC_PREPROCESSOR_DEFINITIONS = (
					"DEBUG=1",
					"$(inherited)",
				);
				GCC_SYMBOLS_PRIVATE_EXTERN = NO;
				GCC_WARN_64_TO_32_BIT_CONVERSION = YES;
				GCC_WARN_ABOUT_RETURN_TYPE = YES_ERROR;
				GCC_WARN_UNDECLARED_SELECTOR = YES;
				GCC_WARN_UNINITIALIZED_AUTOS = YES_AGGRESSIVE;
				GCC_WARN_UNUSED_FUNCTION = YES;
				GCC_WARN_UNUSED_VARIABLE = YES;
				MACOSX_DEPLOYMENT_TARGET = 10.9;
				ONLY_ACTIVE_ARCH = YES;
				OTHER_LDFLAGS = "-ObjC";
				SDKROOT = macosx;
			};
			name = Debug;
		};
		01FB7F4B193D0E5C003707D7 /* Release */ = {
			isa = XCBuildConfiguration;
			buildSettings = {
				ALWAYS_SEARCH_USER_PATHS = NO;
				CLANG_CXX_LANGUAGE_STANDARD = "gnu++0x";
				CLANG_CXX_LIBRARY = "libc++";
				CLANG_ENABLE_MODULES = YES;
				CLANG_ENABLE_OBJC_ARC = YES;
				CLANG_WARN_BLOCK_CAPTURE_AUTORELEASING = YES;
				CLANG_WARN_BOOL_CONVERSION = YES;
				CLANG_WARN_COMMA = YES;
				CLANG_WARN_CONSTANT_CONVERSION = YES;
				CLANG_WARN_DIRECT_OBJC_ISA_USAGE = YES_ERROR;
				CLANG_WARN_EMPTY_BODY = YES;
				CLANG_WARN_ENUM_CONVERSION = YES;
				CLANG_WARN_INFINITE_RECURSION = YES;
				CLANG_WARN_INT_CONVERSION = YES;
				CLANG_WARN_NON_LITERAL_NULL_CONVERSION = YES;
				CLANG_WARN_OBJC_LITERAL_CONVERSION = YES;
				CLANG_WARN_OBJC_ROOT_CLASS = YES_ERROR;
				CLANG_WARN_RANGE_LOOP_ANALYSIS = YES;
				CLANG_WARN_STRICT_PROTOTYPES = YES;
				CLANG_WARN_SUSPICIOUS_MOVE = YES;
				CLANG_WARN_UNREACHABLE_CODE = YES;
				CLANG_WARN__DUPLICATE_METHOD_MATCH = YES;
				COPY_PHASE_STRIP = YES;
				DEBUG_INFORMATION_FORMAT = "dwarf-with-dsym";
				ENABLE_NS_ASSERTIONS = NO;
				ENABLE_STRICT_OBJC_MSGSEND = YES;
				GCC_C_LANGUAGE_STANDARD = gnu99;
				GCC_ENABLE_OBJC_EXCEPTIONS = YES;
				GCC_NO_COMMON_BLOCKS = YES;
				GCC_WARN_64_TO_32_BIT_CONVERSION = YES;
				GCC_WARN_ABOUT_RETURN_TYPE = YES_ERROR;
				GCC_WARN_UNDECLARED_SELECTOR = YES;
				GCC_WARN_UNINITIALIZED_AUTOS = YES_AGGRESSIVE;
				GCC_WARN_UNUSED_FUNCTION = YES;
				GCC_WARN_UNUSED_VARIABLE = YES;
				MACOSX_DEPLOYMENT_TARGET = 10.9;
				OTHER_LDFLAGS = "-ObjC";
				SDKROOT = macosx;
			};
			name = Release;
		};
		01FB7F4D193D0E5C003707D7 /* Debug */ = {
			isa = XCBuildConfiguration;
			buildSettings = {
				ALWAYS_SEARCH_USER_PATHS = YES;
				COMBINE_HIDPI_IMAGES = YES;
				GCC_PRECOMPILE_PREFIX_HEADER = YES;
				INFOPLIST_FILE = "ChiptuneImporter/ChiptuneImporter-Info.plist";
				INSTALL_PATH = /Library/Spotlight;
				LIBRARY_STYLE = BUNDLE;
				PRODUCT_BUNDLE_IDENTIFIER = com.danielecattaneo.chiptuneimporter;
				PRODUCT_NAME = "$(TARGET_NAME)";
				WRAPPER_EXTENSION = mdimporter;
			};
			name = Debug;
		};
		01FB7F4E193D0E5C003707D7 /* Release */ = {
			isa = XCBuildConfiguration;
			buildSettings = {
				ALWAYS_SEARCH_USER_PATHS = YES;
				COMBINE_HIDPI_IMAGES = YES;
				GCC_PRECOMPILE_PREFIX_HEADER = YES;
				INFOPLIST_FILE = "ChiptuneImporter/ChiptuneImporter-Info.plist";
				INSTALL_PATH = /Library/Spotlight;
				LIBRARY_STYLE = BUNDLE;
				PRODUCT_BUNDLE_IDENTIFIER = com.danielecattaneo.chiptuneimporter;
				PRODUCT_NAME = "$(TARGET_NAME)";
				WRAPPER_EXTENSION = mdimporter;
			};
			name = Release;
		};
/* End XCBuildConfiguration section */

/* Begin XCConfigurationList section */
		017FE5051BD2DCD100D8C41E /* Build configuration list for PBXAggregateTarget "TestInstall" */ = {
			isa = XCConfigurationList;
			buildConfigurations = (
				017FE5061BD2DCD100D8C41E /* Debug */,
				017FE5071BD2DCD100D8C41E /* Release */,
			);
			defaultConfigurationIsVisible = 0;
			defaultConfigurationName = Release;
		};
		017FE51E1BD2E9A200D8C41E /* Build configuration list for PBXNativeTarget "ChiptuneImporterUTIHelper" */ = {
			isa = XCConfigurationList;
			buildConfigurations = (
				017FE51F1BD2E9A200D8C41E /* Debug */,
				017FE5201BD2E9A200D8C41E /* Release */,
			);
			defaultConfigurationIsVisible = 0;
			defaultConfigurationName = Release;
		};
		01D483CD1E294407008E0408 /* Build configuration list for PBXNativeTarget "ChiptuneImporterImpl" */ = {
			isa = XCConfigurationList;
			buildConfigurations = (
				01D483CE1E294407008E0408 /* Debug */,
				01D483CF1E294407008E0408 /* Release */,
			);
			defaultConfigurationIsVisible = 0;
			defaultConfigurationName = Release;
		};
		01D483E51E2946E5008E0408 /* Build configuration list for PBXNativeTarget "ChiptuneImporterTest" */ = {
			isa = XCConfigurationList;
			buildConfigurations = (
				01D483E61E2946E5008E0408 /* Debug */,
				01D483E71E2946E5008E0408 /* Release */,
			);
			defaultConfigurationIsVisible = 0;
			defaultConfigurationName = Release;
		};
		01FB7F2B193D0E5C003707D7 /* Build configuration list for PBXProject "ChiptuneImporter" */ = {
			isa = XCConfigurationList;
			buildConfigurations = (
				01FB7F4A193D0E5C003707D7 /* Debug */,
				01FB7F4B193D0E5C003707D7 /* Release */,
			);
			defaultConfigurationIsVisible = 0;
			defaultConfigurationName = Release;
		};
		01FB7F4C193D0E5C003707D7 /* Build configuration list for PBXNativeTarget "ChiptuneImporter" */ = {
			isa = XCConfigurationList;
			buildConfigurations = (
				01FB7F4D193D0E5C003707D7 /* Debug */,
				01FB7F4E193D0E5C003707D7 /* Release */,
			);
			defaultConfigurationIsVisible = 0;
			defaultConfigurationName = Release;
		};
/* End XCConfigurationList section */
	};
	rootObject = 01FB7F28193D0E5C003707D7 /* Project object */;
}
